
Microsoft Visual Studio Solution File, Format Version 12.00
# Visual Studio Version 17
VisualStudioVersion = 17.8.34322.80
MinimumVisualStudioVersion = 10.0.40219.1
Project("{8BC9CEB8-8B4A-11D0-8D11-00A0C91BC942}") = "Chapter03_02", "Chapter03_02\Chapter03_02.vcxproj", "{EAFB25C5-C624-408C-95F0-B8A05238CC96}"
EndProject
Global
	GlobalSection(SolutionConfigurationPlatforms) = preSolution
		Debug|x64 = Debug|x64
		Debug|x86 = Debug|x86
		Release|x64 = Release|x64
		Release|x86 = Release|x86
	EndGlobalSection
	GlobalSection(ProjectConfigurationPlatforms) = postSolution
		{EAFB25C5-C624-408C-95F0-B8A05238CC96}.Debug|x64.ActiveCfg = Debug|x64
		{EAFB25C5-C624-408C-95F0-B8A05238CC96}.Debug|x64.Build.0 = Debug|x64
		{EAFB25C5-C624-408C-95F0-B8A05238CC96}.Debug|x86.ActiveCfg = Debug|Win32
		{EAFB25C5-C624-408C-95F0-B8A05238CC96}.Debug|x86.Build.0 = Debug|Win32
		{EAFB25C5-C624-408C-95F0-B8A05238CC96}.Release|x64.ActiveCfg = Release|x64
		{EAFB25C5-C624-408C-95F0-B8A05238CC96}.Release|x64.Build.0 = Release|x64
		{EAFB25C5-C624-408C-95F0-B8A05238CC96}.Release|x86.ActiveCfg = Release|Win32
		{EAFB25C5-C624-408C-95F0-B8A05238CC96}.Release|x86.Build.0 = Release|Win32
	EndGlobalSection
	GlobalSection(SolutionProperties) = preSolution
		HideSolutionNode = FALSE
	EndGlobalSection
	GlobalSection(ExtensibilityGlobals) = postSolution
		SolutionGuid = {8FF34A4C-B1DD-45B5-93D7-F7867A143EAF}
	EndGlobalSection
EndGlobal
